# THIS IS AN AUTOGENERATED FILE. DO NOT EDIT THIS FILE DIRECTLY.
assets/_account.js:
  development: 2018-02-27T10:41:59-05:00   c990ea5ffd97aaa87536e33a1181b954
assets/_accounts.scss:
  development: 2018-02-27T10:41:59-05:00   0584936f65cd5d9d948a2d456e09d6ad
assets/_ajax-cart.js:
  development: 2018-02-27T10:41:59-05:00   222c5cbfd6a51415f0ec7462702787e4
assets/_ajax-product-color.js:
  development: 2018-02-27T10:42:00-05:00   717efb5522220654a84d8d4c9be21e64
assets/_app-init.js:
  development: 2018-02-27T10:42:00-05:00   d17934da7a0066f08de0e0a620d7bcc3
assets/_articles.js:
  development: 2018-02-27T10:42:00-05:00   f979b52b4ab822d16a0dfc05beafe670
assets/_base.scss:
  development: 2018-02-27T10:42:00-05:00   b20227a99a71376a8acc24a9a1d350f4
assets/_blog.scss:
  development: 2018-02-27T10:42:00-05:00   8513cbd83488e333d3ad8287aa5b4864
assets/_boutiques.js:
  development: 2018-02-27T10:42:00-05:00   3d06047b1738ec93b24b925bbf7e5bf5
assets/_cart.scss:
  development: 2018-02-27T10:42:01-05:00   0a9ec5cea37e039ff00f62d41cab8981
assets/_collection.scss:
  development: 2018-02-27T10:42:01-05:00   110911e394a473fa5f880cecc1e5e07b
assets/_components.scss:
  development: 2018-02-27T10:42:01-05:00   dd87bc18e811a63c085ed433a646afa7
assets/_contact.scss:
  development: 2018-02-27T10:42:01-05:00
assets/_dropdowns.js:
  development: 2018-02-27T10:42:01-05:00   e8e1044d6238a27d4a5679c73698db30
assets/_element-toggle-class.js:
  development: 2018-02-27T10:42:01-05:00   9982cfd757903091b7b5e78832184268
assets/_font-awesome.scss:
  development: 2018-02-27T10:42:02-05:00   23ab34263b8f93e6cdb35177dd08e38a
assets/_fonts.scss:
  development: 2018-02-27T10:42:02-05:00   dee71f20c145c75b1740c3ed1b299f51
assets/_footer.scss:
  development: 2018-02-27T10:42:02-05:00   4edf91fe614962ad659f885b17ea5b76
assets/_form-actuals.scss:
  development: 2018-02-27T10:42:02-05:00   55ed384f07460726531cdbe626a59f0e
assets/_functions.css:
  development: 2018-02-27T10:42:02-05:00   fe2958843aa50864bf07aeac30b7c0ee
assets/_functions.scss:
  development: 2018-02-27T10:42:03-05:00   b14a487e7fd55d9c94609924d9980c21
assets/_handlebars.min.js:
  development: 2018-02-27T10:42:03-05:00   ebf7019acc46888d62f5efd851e54f64
assets/_header.scss:
  development: 2018-02-27T10:42:03-05:00   fc6aadfba6ea2d4695ababf97563ed63
assets/_instafeed.js:
  development: 2018-02-27T10:42:04-05:00   277585a7365a491743740f495ea4230a
assets/_jquery.cookie.js:
  development: 2018-02-27T10:42:04-05:00   0f1f6cd6e0036897019b376d38593403
assets/_jquery.js:
  development: 2018-02-27T10:42:05-05:00   46836bbc603c9565b5cc061100ccbac8
assets/_jquery.zoom.min.js:
  development: 2018-02-27T10:42:05-05:00   27690a98bef21e56a684346e6f925f12
assets/_lazyload.js:
  development: 2018-02-27T10:42:05-05:00   0c04f80790cce9a16f17a1539432436e
assets/_modernizr-custom-min.js:
  development: 2018-02-27T10:42:05-05:00   f8006f20fdabc2999e6ab3563f8ee7cd
assets/_newsletter-form.js:
  development: 2018-02-27T10:42:05-05:00   97fa3576f888926ed68aae357dffd5f4
assets/_normalize.scss:
  development: 2018-02-27T10:42:06-05:00   0907c1a169aa3567e718df62f9e9d7e0
assets/_paginate.js:
  development: 2018-02-27T10:42:06-05:00   e19669c0b4b2acf08372354efc7b7528
assets/_partner-maps.js:
  development: 2018-02-27T10:42:06-05:00   f76392e52a19fe746740beb60c1990d0
assets/_privacy-modal.js:
  development: 2018-02-27T10:42:06-05:00   98f55d46e7999a99f4d9abd30f5a13c0
assets/_product.scss:
  development: 2018-02-27T10:42:06-05:00   6968e14d5fd823e21874b1509269d670
assets/_recently-viewed.js:
  development: 2018-02-27T10:42:06-05:00   56cba0f884e5466bbe40b52cd88e2cf4
assets/_search.scss:
  development: 2018-02-27T10:42:07-05:00   f2b2c6a85503e33dc36c5313097d4ed2
assets/_sections.scss:
  development: 2018-02-27T10:42:07-05:00   e78a084b4f379361fda47aaf3d78573b
assets/_shipping-modal.js:
  development: 2018-02-27T10:42:07-05:00   fa7ec170daceb34b1df55a57331b6b85
assets/_site-modal.js:
  development: 2018-02-27T10:42:07-05:00   06745329e2f0259ccab16bb688f2fa0d
assets/_slick-slider.js:
  development: 2018-02-27T10:42:08-05:00   8e6067bf57007a91693e017f89059e70
assets/_smooth-scroll.js:
  development: 2018-02-27T10:42:08-05:00   1f8140b205d7e7bfa5dfb90f9ac4a318
assets/_structure.scss:
  development: 2018-02-27T10:42:08-05:00   2acb18c3cdd44a75d707d5120217647c
assets/_tabs.js:
  development: 2018-02-27T10:42:08-05:00   d1ebd84a98e01f5069c7099dffe26460
assets/_typography.scss:
  development: 2018-02-27T10:42:08-05:00   efa381c173ebe0e50171b1da570bd9c3
assets/_utils.js:
  development: 2018-02-27T10:42:08-05:00   083251ba073effe9a5cd03e6124563ec
assets/_variables.scss:
  development: 2018-02-27T10:42:09-05:00   e5eeef81241cffbd8cc14875b72c0fb6
assets/_vendor-min.js:
  development: 2018-02-27T10:42:09-05:00   8a5178868691713b1d05557687300378
assets/_vendor.js:
  development: 2018-02-27T10:42:09-05:00   b03e405665633f57fd2ae84bc8242972
assets/_vendor.scss:
  development: 2018-02-27T10:42:09-05:00   208f16f7d18fc1974d3e51a70c0d3e70
assets/BemboStd-Italic.woff:
  development: 2018-02-27T10:41:57-05:00   0beee708697cfaa4312fb340bea6f492
assets/BemboStd-Italic.woff2:
  development: 2018-02-27T10:41:57-05:00   a06ae7e247f31bdab3ba953969044870
assets/BemboStd-SemiboldItalic.woff:
  development: 2018-02-27T10:41:57-05:00   ffe864ceaad944ad4096fbb219dc128e
assets/BemboStd-SemiboldItalic.woff2:
  development: 2018-02-27T10:41:58-05:00   793d87a4b8c3ee0444c7970ed837196f
assets/BemboStd.woff:
  development: 2018-02-27T10:41:58-05:00   fb11f5f366174d645cc06c663d6af539
assets/BemboStd.woff2:
  development: 2018-02-27T10:41:58-05:00   29cfc06d59eaf3698ced1fd5da80b772
assets/GothamBold.woff:
  development: 2018-02-27T10:41:58-05:00   9efcb38f733b45b88df3a3661e37889a
assets/GothamBold.woff2:
  development: 2018-02-27T10:41:58-05:00   f35600511d1198523af5c1cdd6411815
assets/GothamBook.woff:
  development: 2018-02-27T10:41:59-05:00   159f63abfe3169a60cbbc960f75b2554
assets/GothamBook.woff2:
  development: 2018-02-27T10:41:59-05:00   1544cbe864ae51d06bc5739b2a1cfac9
assets/app-min-min.js:
  development: 2018-02-27T10:42:10-05:00   7c95e6d0d1aee0ce05af7e16dda5a9b4
assets/app-min.css:
  development: 2018-02-27T10:42:10-05:00   69cc0cdc796677387b5fcbeb4b692ef9
assets/app-min.js:
  development: 2018-02-27T10:42:10-05:00   d51905021b37897c3896e964129f764c
assets/app.css:
  development: 2018-02-27T10:42:10-05:00   263748f14fae2fb53f55d50218746b09
assets/app.js:
  development: 2018-02-27T10:42:11-05:00   4f216aa27f6e59b71469a1f77c65872f
assets/app.scss:
  development: 2018-02-27T10:42:11-05:00   bccfe387d20c98732397401948801b4e
assets/arrow-down-2.svg:
  development: 2018-02-27T10:42:11-05:00   8beef3440a83d621bcfb8eed32911096
assets/arrow-left-white.svg:
  development: 2018-02-27T10:42:11-05:00   cdd22401b4b98a0bbccea713dc75d6db
assets/arrow-left.svg:
  development: 2018-02-27T10:42:11-05:00   d07f605b0471e07e150109ef4c874abe
assets/arrow-right-2.svg:
  development: 2018-02-27T10:42:11-05:00   23bcf250480f3bf3b54c2dfde4fcc1f3
assets/arrow-right-white.svg:
  development: 2018-02-27T10:42:12-05:00   818cf7eb5e9f3447a8a203763adf5122
assets/arrow-right.svg:
  development: 2018-02-27T10:42:12-05:00   186bff2f024394e0a76103e20ce97c73
assets/arrow.svg:
  development: 2018-02-27T10:42:12-05:00   2f5f9eb90eb63701202c1afcb3370473
assets/close-black.svg:
  development: 2018-02-27T10:42:12-05:00   e7e284cf2021a587ed5c40f560812e3e
assets/close.svg:
  development: 2018-02-27T10:42:12-05:00   6b594868d1e33d74f0812c7bc8e9ece9
assets/close_black_3_256X256.png:
  development: 2018-02-27T10:42:13-05:00   9460e321cdb481ae6e2d1cdfd35eab81
assets/delete.html:
  development: 2018-02-27T10:42:14-05:00   142694d05332eaaa6c8a7978cf287a2e
assets/dropdown-chevron-down.svg:
  development: 2018-02-27T10:42:14-05:00   ebc738d60d36dd938ca999d81d7fce35
assets/dropdown-chevron-right.svg:
  development: 2018-02-27T10:42:14-05:00   d6c224d53f52e5d9730f5c1bdec4516e
assets/favicon.png:
  development: 2018-02-27T10:42:14-05:00   e8c0d3d4007a7064e48f7d2d3e5e309e
assets/fontawesome-webfont.woff:
  development: 2018-02-27T10:42:15-05:00   fee66e712a8a08eef5805a46892932ad
assets/fontawesome-webfont.woff2:
  development: 2018-02-27T10:42:15-05:00   af7ae505a9eed503f8b8e6982036873e
assets/header-min.js:
  development: 2018-02-27T10:42:16-05:00   195e9b1a75ac184bdff09e029c4fd989
assets/header-pattern.png:
  development: 2018-02-27T10:42:16-05:00   d627c641f1102b7e84fd7ca58e745bc5
assets/header.js:
  development: 2018-02-27T10:42:16-05:00   630fc2f100aed516a89d81e2ac587e93
assets/logo-horizontal.svg:
  development: 2018-02-27T10:42:16-05:00   402d4e034aa3b739d99610d85e799d06
assets/logo-vertical.png:
  development: 2018-02-27T10:42:16-05:00   2c7a8ab1527dfb2096a29de362ff68b2
assets/logo-vertical.svg:
  development: 2018-02-27T10:42:17-05:00   b4c9a6dc483210bfa4d558b175e4046b
assets/main.scss.liquid:
  development: 2018-02-27T10:42:17-05:00   ce5db03d483eab8ca7e6f8e77b49b3a1
assets/slick-slider.scss:
  development: 2018-02-27T10:42:17-05:00   832870a82eab3172140acc4e1ddbef89
assets/sort.liquid:
  development: 2018-02-27T10:42:17-05:00   6037e2fb31b75277793733bf6d863fa4
config/settings_data.json:
  development: 2018-02-27T10:42:20-05:00   cc202f70c53c9709bf367c84fcd60edf
config/settings_schema.json:
  development: 2018-02-27T10:42:20-05:00   641985af37c82c19e3372b546f487827
layout/theme.liquid:
  development: 2018-02-27T10:42:17-05:00   5353fbf4f1b68a2953a6aaa84a6a085a
locales/en.default.json:
  development: 2018-02-27T10:42:17-05:00   baea9c869499c7845d10203288fb0e53
sections/about.liquid:
  development: 2018-02-27T10:41:56-05:00   36375c9bf61a3988e0ea7bf9a37a6ead
sections/articles.liquid:
  development: 2018-02-27T10:41:56-05:00   ca45bbebbfa1d5973084492cf508e61b
sections/blocks.liquid:
  development: 2018-02-27T10:41:56-05:00   ea20dfe1bbe12b7f7c5a217add79e347
sections/boutiques.liquid:
  development: 2018-02-27T10:41:56-05:00   17e11f42ff49773289870069d978d5d2
sections/collection.liquid:
  development: 2018-02-27T10:41:56-05:00   20b903fc29f3b05b14a8650aeb89da39
sections/hero-carousel.liquid:
  development: 2018-02-27T10:41:56-05:00   31bba7f1bd429fa61a1c153e70fcc616
sections/instafeed.liquid:
  development: 2018-02-27T10:41:56-05:00   f85b8421480d1e75776fb69b216e00f5
sections/partners.liquid:
  development: 2018-02-27T10:41:57-05:00   8f4885ca713bdae23c473725aa9a08cd
sections/product--color-variant.liquid:
  development: 2018-02-27T10:41:57-05:00   1c14eec1b107d76e7b0076196eba737d
sections/product--more-info.liquid:
  development: 2018-02-27T10:41:57-05:00   5cee12673a02dd12e191090664615619
sections/product--related.liquid:
  development: 2018-02-27T10:41:57-05:00   cdf1c5f6c9b2058736d7bc4330f020d1
sections/text-block.liquid:
  development: 2018-02-27T10:41:57-05:00   66bdeb706915fcc25b7df735e47e766f
snippets/article--loop.liquid:
  development: 2018-02-27T10:42:17-05:00   8b9da7e117b98c44e50fc92cb1a21f56
snippets/breadcrumbs.liquid:
  development: 2018-02-27T10:42:17-05:00   af295d4c9557ec8fad4f225d67445c55
snippets/cart-template.liquid:
  development: 2018-02-27T10:42:17-05:00   edc4c9fe1efd582b54a0d892286ecb54
snippets/close-svg.liquid:
  development: 2018-02-27T10:42:18-05:00   8c44c997a58acde48cc5d80a842c91d3
snippets/collection--loop.liquid:
  development: 2018-02-27T10:42:18-05:00   bcb606cd9541116daca1deaf738f5e55
snippets/filter-3.liquid:
  development: 2018-02-27T10:42:18-05:00   7cd77f4b54729318e9961ffcd6e53afd
snippets/footer.liquid:
  development: 2018-02-27T10:42:18-05:00   e4ffc13b30401c3e2866dfe3e9880563
snippets/form--contact.liquid:
  development: 2018-02-27T10:42:18-05:00   33fc40cd63c9d9562a573aa2cac78e93
snippets/form--forgot-password.liquid:
  development: 2018-02-27T10:42:18-05:00   2e7a1540982042b338491880591f181e
snippets/form--here-to-help.liquid:
  development: 2018-02-27T10:42:18-05:00   d7e788f9c9f251d3da52d28bd800ccf5
snippets/form--login.liquid:
  development: 2018-02-27T10:42:18-05:00   578b324b9225a33950b53d0f6cb92f2b
snippets/form--newsletter-klav-2.liquid:
  development: 2018-02-27T10:42:18-05:00   ab65dbb65aa863805ffa0c9a7fd31e6c
snippets/form--newsletter-klav-footer.liquid:
  development: 2018-02-27T10:42:18-05:00   587e3ad2e361f34d1082d356b1624e78
snippets/form--newsletter-klav.liquid:
  development: 2018-02-27T10:42:18-05:00   af5a8f7463cf21120787f165d7f7d721
snippets/form--newsletter.liquid:
  development: 2018-02-27T10:42:18-05:00   4f3e6e9f4fb349d41af6646820064f4b
snippets/form--press.liquid:
  development: 2018-02-27T10:42:18-05:00   d73c20f6cd9a07d36c947f179367d017
snippets/form--register.liquid:
  development: 2018-02-27T10:42:18-05:00   179cb6b64d3042f91f826e695c60fac4
snippets/form--search.liquid:
  development: 2018-02-27T10:42:18-05:00   362f84366268ecf23aeccaf61b0aa413
snippets/form-activate-account.liquid:
  development: 2018-02-27T10:42:18-05:00   0eda7e703e9e74036f7520561821f54d
snippets/form-forgot-password.liquid:
  development: 2018-02-27T10:42:18-05:00   f68d39aee801890a87d07557bb302878
snippets/form-login.liquid:
  development: 2018-02-27T10:42:18-05:00   67398b289571c4565f03cfc7375bd0d8
snippets/form-register.liquid:
  development: 2018-02-27T10:42:18-05:00   eef6ab121af098c9827dc757610c2580
snippets/form-reset-password.liquid:
  development: 2018-02-27T10:42:18-05:00   2d2daa4630b7e343fd410263281997ad
snippets/g-map-styles.json.liquid:
  development: 2018-02-27T10:42:18-05:00   ca73e34db51cd48b2f183a7ea09032c5
snippets/header.liquid:
  development: 2018-02-27T10:42:18-05:00   acd66f0085bc78b9ea8de74901f20835
snippets/iwish.js.liquid:
  development: 2018-02-27T10:42:18-05:00   ca59d03d08f586650090e9c0089e5d82
snippets/iwish.liquid:
  development: 2018-02-27T10:42:18-05:00   fe599a8d679fc19b9e5898a99c07f7fd
snippets/iwish_v2.liquid:
  development: 2018-02-27T10:42:18-05:00   4f25a24a05b534f526eed5e2d3e4af38
snippets/iwishHeader.js.liquid:
  development: 2018-02-27T10:42:18-05:00   8ac436d6d2127f2e4bdc4b936e41dcf4
snippets/loadcss.liquid:
  development: 2018-02-27T10:42:18-05:00   7dd702d57063d7b6d465fcb7f9706c42
snippets/logo-horizontal.svg.liquid:
  development: 2018-02-27T10:42:18-05:00   eca50104ee321d3aed1bc436a19b6ee5
snippets/logo-vertical-2.liquid:
  development: 2018-02-27T10:42:18-05:00   43ea9b795f4e9f2e40a6fae7fcab1879
snippets/logo-vertical.svg.liquid:
  development: 2018-02-27T10:42:18-05:00   a7372a42ac7ac71bcb2387efc94318d7
snippets/main-nav.liquid:
  development: 2018-02-27T10:42:18-05:00   0a01216173cecb9710e1b868b2557cd5
snippets/mini-cart-template.liquid:
  development: 2018-02-27T10:42:18-05:00   7d847ab213b53539db9edb94901c0f75
snippets/modal.liquid:
  development: 2018-02-27T10:42:18-05:00   b23ab77b02c240d596eacfc1a8ecf6f3
snippets/pagination.liquid:
  development: 2018-02-27T10:42:19-05:00   fb6c3741d042fc5136e24b48949ba773
snippets/privacy-modal.liquid:
  development: 2018-02-27T10:42:19-05:00   67cb1b9dfc60b3e6b1d62c47a6ca8d55
snippets/product--base-data.liquid:
  development: 2018-02-27T10:42:19-05:00   3cdbf328534d66c12540304fe432d97e
snippets/product--form.liquid:
  development: 2018-02-27T10:42:19-05:00   d3180ed0fc9205fd1385e7af77c20d1d
snippets/product--global-vars.liquid:
  development: 2018-02-27T10:42:19-05:00   dfacfc49506d82a48b219e9907b13b6b
snippets/product--images.liquid:
  development: 2018-02-27T10:42:19-05:00   11b750f68a836263c9e51a81669ff011
snippets/product--info.liquid:
  development: 2018-02-27T10:42:19-05:00   eb7342db539b85a12efbc4085bbb10ad
snippets/product--loop.liquid:
  development: 2018-02-27T10:42:19-05:00   859172c0850d7bfdd065f9908f3028b6
snippets/product--option-select.liquid:
  development: 2018-02-27T10:42:19-05:00   689bb756639874e67ee8547a1a342dc0
snippets/product--option-select.old.liquid:
  development: 2018-02-27T10:42:19-05:00   84ee1df04d64422f6bbe89af1c556170
snippets/product--options.liquid:
  development: 2018-02-27T10:42:19-05:00   34856bbf2a708eff4f29c0aaa38665bf
snippets/product--qty.liquid:
  development: 2018-02-27T10:42:19-05:00   94ecfb74740ebca77278586e386ab07e
snippets/product--recently-viewed.liquid:
  development: 2018-02-27T10:42:19-05:00   bd18ae5ef939c52588b3d5b10f40c8d4
snippets/product--schema.liquid:
  development: 2018-02-27T10:42:19-05:00   486e5af9653abf8d609b0977e691728a
snippets/product--with-variant-loop.liquid:
  development: 2018-02-27T10:42:19-05:00   dffce7ffd5ca25edbff2522b391d2cd6
snippets/search.liquid:
  development: 2018-02-27T10:42:19-05:00   307312461b77fa0a033147b0da30371e
snippets/shipping-modal.liquid:
  development: 2018-02-27T10:42:19-05:00   d5e0a4178f30554359c85bb619f38d18
snippets/site-banner.liquid:
  development: 2018-02-27T10:42:19-05:00   f05730c930a52dc835538723d21f5d6b
snippets/social-media.liquid:
  development: 2018-02-27T10:42:19-05:00   fe5bc4158852927b84911e41b7e285a4
snippets/social-meta-tags.liquid:
  development: 2018-02-27T10:42:19-05:00   b9a709503d761706c43b31bcffedc909
snippets/sort.liquid:
  development: 2018-02-27T10:42:19-05:00   87000126d623e95672367ffbd3228afc
snippets/web-app.liquid:
  development: 2018-02-27T10:42:19-05:00   52b75d56709992536534f980d2a8dc5a
templates/404.liquid:
  development: 2018-02-27T10:42:19-05:00   fa7326cafa076dfb9f1ceb5a670b9b68
templates/article.liquid:
  development: 2018-02-27T10:42:19-05:00   e06504a439a6e317c0bb740fd2d61b23
templates/blog.liquid:
  development: 2018-02-27T10:42:19-05:00   bcf14d74e09ad16dcbbe05983a0e4408
templates/cart.liquid:
  development: 2018-02-27T10:42:19-05:00   4091bf271bdce5b4fb10a9dcd5b6d18a
templates/collection.liquid:
  development: 2018-02-27T10:42:19-05:00   502af2bda7e0f1fccc3f80bd46b791e2
templates/customers/account.liquid:
  development: 2018-02-27T10:42:19-05:00   8a8dfd7214b9c13556f69f327008a709
templates/customers/activate_account.liquid:
  development: 2018-02-27T10:42:19-05:00   7635fd48b85e3db4a304076009fccfa3
templates/customers/addresses.liquid:
  development: 2018-02-27T10:42:19-05:00   30ea0e800540e168c7530692a3fbaf70
templates/customers/login.liquid:
  development: 2018-02-27T10:42:19-05:00   a680e518a04ca1ab2a2928848a9da437
templates/customers/order.liquid:
  development: 2018-02-27T10:42:19-05:00   68791b83a5335f22f9a94f57f9dcc8d0
templates/customers/register.liquid:
  development: 2018-02-27T10:42:20-05:00   79be3bd5e528db106831ed32239a4a5d
templates/customers/reset_password.liquid:
  development: 2018-02-27T10:42:20-05:00   0e7fb607abcce0e4e15a44cbfbfebf5b
templates/gift_card.liquid:
  development: 2018-02-27T10:42:20-05:00   b01bce4d6b8a5b4620b34ef67c99071c
templates/index.liquid:
  development: 2018-02-27T10:42:20-05:00   a0400733e2447a830cb41f1b6fba40d7
templates/list-collections.liquid:
  development: 2018-02-27T10:42:20-05:00   e06504a439a6e317c0bb740fd2d61b23
templates/page.about.liquid:
  development: 2018-02-27T10:42:20-05:00   8c2f31dfaf0900bb43648a3421db8067
templates/page.boutiques.liquid:
  development: 2018-02-27T10:42:20-05:00   35dcb26f97a91352f29a0ff195269587
templates/page.contact.liquid:
  development: 2018-02-27T10:42:20-05:00   3f81963097cae7d9a7d85e0999156d02
templates/page.liquid:
  development: 2018-02-27T10:42:20-05:00   b79039e4ae5cbbe83a7ad855cee80aed
templates/product.liquid:
  development: 2018-02-27T10:42:20-05:00   0fb7932d2385b2304c2bfc918fe1b2a3
templates/search.liquid:
  development: 2018-02-27T10:42:20-05:00   cb9866ca53313aa086f97a0efbdfd681
